// !$*UTF8*$!
{
	archiveVersion = 1;
	classes = {
	};
	objectVersion = 46;
	objects = {

/* Begin PBXBuildFile section */
		1EF0336418FB602700F01A20 /* Foundation.framework in Frameworks */ = {isa = PBXBuildFile; fileRef = 1EF0336318FB602700F01A20 /* Foundation.framework */; };
		1EF0336618FB602700F01A20 /* CoreGraphics.framework in Frameworks */ = {isa = PBXBuildFile; fileRef = 1EF0336518FB602700F01A20 /* CoreGraphics.framework */; };
		1EF0336818FB602700F01A20 /* UIKit.framework in Frameworks */ = {isa = PBXBuildFile; fileRef = 1EF0336718FB602700F01A20 /* UIKit.framework */; };
		1EF0336E18FB602700F01A20 /* InfoPlist.strings in Resources */ = {isa = PBXBuildFile; fileRef = 1EF0336C18FB602700F01A20 /* InfoPlist.strings */; };
		1EF0337018FB602700F01A20 /* main.m in Sources */ = {isa = PBXBuildFile; fileRef = 1EF0336F18FB602700F01A20 /* main.m */; };
		1EF0337418FB602700F01A20 /* CRAppDelegate.m in Sources */ = {isa = PBXBuildFile; fileRef = 1EF0337318FB602700F01A20 /* CRAppDelegate.m */; };
		1EF0337718FB602700F01A20 /* Main.storyboard in Resources */ = {isa = PBXBuildFile; fileRef = 1EF0337518FB602700F01A20 /* Main.storyboard */; };
		1EF0337A18FB602700F01A20 /* CRViewController.m in Sources */ = {isa = PBXBuildFile; fileRef = 1EF0337918FB602700F01A20 /* CRViewController.m */; };
		1EF0337C18FB602700F01A20 /* Images.xcassets in Resources */ = {isa = PBXBuildFile; fileRef = 1EF0337B18FB602700F01A20 /* Images.xcassets */; };
		1EF0338318FB602700F01A20 /* XCTest.framework in Frameworks */ = {isa = PBXBuildFile; fileRef = 1EF0338218FB602700F01A20 /* XCTest.framework */; };
		1EF0338418FB602700F01A20 /* Foundation.framework in Frameworks */ = {isa = PBXBuildFile; fileRef = 1EF0336318FB602700F01A20 /* Foundation.framework */; };
		1EF0338518FB602700F01A20 /* UIKit.framework in Frameworks */ = {isa = PBXBuildFile; fileRef = 1EF0336718FB602700F01A20 /* UIKit.framework */; };
		1EF0338D18FB602700F01A20 /* InfoPlist.strings in Resources */ = {isa = PBXBuildFile; fileRef = 1EF0338B18FB602700F01A20 /* InfoPlist.strings */; };
		1EF0338F18FB602700F01A20 /* CRTableViewChallengeSoultionTests.m in Sources */ = {isa = PBXBuildFile; fileRef = 1EF0338E18FB602700F01A20 /* CRTableViewChallengeSoultionTests.m */; };
/* End PBXBuildFile section */

/* Begin PBXContainerItemProxy section */
		1EF0338618FB602700F01A20 /* PBXContainerItemProxy */ = {
			isa = PBXContainerItemProxy;
			containerPortal = 1EF0335818FB602700F01A20 /* Project object */;
			proxyType = 1;
			remoteGlobalIDString = 1EF0335F18FB602700F01A20;
			remoteInfo = CRTableViewChallengeSoultion;
		};
/* End PBXContainerItemProxy section */

/* Begin PBXFileReference section */
		1EF0336018FB602700F01A20 /* CRTableViewChallengeSoultion.app */ = {isa = PBXFileReference; explicitFileType = wrapper.application; includeInIndex = 0; path = CRTableViewChallengeSoultion.app; sourceTree = BUILT_PRODUCTS_DIR; };
		1EF0336318FB602700F01A20 /* Foundation.framework */ = {isa = PBXFileReference; lastKnownFileType = wrapper.framework; name = Foundation.framework; path = System/Library/Frameworks/Foundation.framework; sourceTree = SDKROOT; };
		1EF0336518FB602700F01A20 /* CoreGraphics.framework */ = {isa = PBXFileReference; lastKnownFileType = wrapper.framework; name = CoreGraphics.framework; path = System/Library/Frameworks/CoreGraphics.framework; sourceTree = SDKROOT; };
		1EF0336718FB602700F01A20 /* UIKit.framework */ = {isa = PBXFileReference; lastKnownFileType = wrapper.framework; name = UIKit.framework; path = System/Library/Frameworks/UIKit.framework; sourceTree = SDKROOT; };
		1EF0336B18FB602700F01A20 /* CRTableViewChallengeSoultion-Info.plist */ = {isa = PBXFileReference; lastKnownFileType = text.plist.xml; path = "CRTableViewChallengeSoultion-Info.plist"; sourceTree = "<group>"; };
		1EF0336D18FB602700F01A20 /* en */ = {isa = PBXFileReference; lastKnownFileType = text.plist.strings; name = en; path = en.lproj/InfoPlist.strings; sourceTree = "<group>"; };
		1EF0336F18FB602700F01A20 /* main.m */ = {isa = PBXFileReference; lastKnownFileType = sourcecode.c.objc; path = main.m; sourceTree = "<group>"; };
		1EF0337118FB602700F01A20 /* CRTableViewChallengeSoultion-Prefix.pch */ = {isa = PBXFileReference; lastKnownFileType = sourcecode.c.h; path = "CRTableViewChallengeSoultion-Prefix.pch"; sourceTree = "<group>"; };
		1EF0337218FB602700F01A20 /* CRAppDelegate.h */ = {isa = PBXFileReference; lastKnownFileType = sourcecode.c.h; path = CRAppDelegate.h; sourceTree = "<group>"; };
		1EF0337318FB602700F01A20 /* CRAppDelegate.m */ = {isa = PBXFileReference; lastKnownFileType = sourcecode.c.objc; path = CRAppDelegate.m; sourceTree = "<group>"; };
		1EF0337618FB602700F01A20 /* Base */ = {isa = PBXFileReference; lastKnownFileType = file.storyboard; name = Base; path = Base.lproj/Main.storyboard; sourceTree = "<group>"; };
		1EF0337818FB602700F01A20 /* CRViewController.h */ = {isa = PBXFileReference; lastKnownFileType = sourcecode.c.h; path = CRViewController.h; sourceTree = "<group>"; };
		1EF0337918FB602700F01A20 /* CRViewController.m */ = {isa = PBXFileReference; lastKnownFileType = sourcecode.c.objc; path = CRViewController.m; sourceTree = "<group>"; };
		1EF0337B18FB602700F01A20 /* Images.xcassets */ = {isa = PBXFileReference; lastKnownFileType = folder.assetcatalog; path = Images.xcassets; sourceTree = "<group>"; };
		1EF0338118FB602700F01A20 /* CRTableViewChallengeSoultionTests.xctest */ = {isa = PBXFileReference; explicitFileType = wrapper.cfbundle; includeInIndex = 0; path = CRTableViewChallengeSoultionTests.xctest; sourceTree = BUILT_PRODUCTS_DIR; };
		1EF0338218FB602700F01A20 /* XCTest.framework */ = {isa = PBXFileReference; lastKnownFileType = wrapper.framework; name = XCTest.framework; path = Library/Frameworks/XCTest.framework; sourceTree = DEVELOPER_DIR; };
		1EF0338A18FB602700F01A20 /* CRTableViewChallengeSoultionTests-Info.plist */ = {isa = PBXFileReference; lastKnownFileType = text.plist.xml; path = "CRTableViewChallengeSoultionTests-Info.plist"; sourceTree = "<group>"; };
		1EF0338C18FB602700F01A20 /* en */ = {isa = PBXFileReference; lastKnownFileType = text.plist.strings; name = en; path = en.lproj/InfoPlist.strings; sourceTree = "<group>"; };
		1EF0338E18FB602700F01A20 /* CRTableViewChallengeSoultionTests.m */ = {isa = PBXFileReference; lastKnownFileType = sourcecode.c.objc; path = CRTableViewChallengeSoultionTests.m; sourceTree = "<group>"; };
/* End PBXFileReference section */

/* Begin PBXFrameworksBuildPhase section */
		1EF0335D18FB602700F01A20 /* Frameworks */ = {
			isa = PBXFrameworksBuildPhase;
			buildActionMask = 2147483647;
			files = (
				1EF0336618FB602700F01A20 /* CoreGraphics.framework in Frameworks */,
				1EF0336818FB602700F01A20 /* UIKit.framework in Frameworks */,
				1EF0336418FB602700F01A20 /* Foundation.framework in Frameworks */,
			);
			runOnlyForDeploymentPostprocessing = 0;
		};
		1EF0337E18FB602700F01A20 /* Frameworks */ = {
			isa = PBXFrameworksBuildPhase;
			buildActionMask = 2147483647;
			files = (
				1EF0338318FB602700F01A20 /* XCTest.framework in Frameworks */,
				1EF0338518FB602700F01A20 /* UIKit.framework in Frameworks */,
				1EF0338418FB602700F01A20 /* Foundation.framework in Frameworks */,
			);
			runOnlyForDeploymentPostprocessing = 0;
		};
/* End PBXFrameworksBuildPhase section */

/* Begin PBXGroup section */
		1EF0335718FB602700F01A20 = {
			isa = PBXGroup;
			children = (
				1EF0336918FB602700F01A20 /* CRTableViewChallengeSoultion */,
				1EF0338818FB602700F01A20 /* CRTableViewChallengeSoultionTests */,
				1EF0336218FB602700F01A20 /* Frameworks */,
				1EF0336118FB602700F01A20 /* Products */,
			);
			sourceTree = "<group>";
		};
		1EF0336118FB602700F01A20 /* Products */ = {
			isa = PBXGroup;
			children = (
				1EF0336018FB602700F01A20 /* CRTableViewChallengeSoultion.app */,
				1EF0338118FB602700F01A20 /* CRTableViewChallengeSoultionTests.xctest */,
			);
			name = Products;
			sourceTree = "<group>";
		};
		1EF0336218FB602700F01A20 /* Frameworks */ = {
			isa = PBXGroup;
			children = (
				1EF0336318FB602700F01A20 /* Foundation.framework */,
				1EF0336518FB602700F01A20 /* CoreGraphics.framework */,
				1EF0336718FB602700F01A20 /* UIKit.framework */,
				1EF0338218FB602700F01A20 /* XCTest.framework */,
			);
			name = Frameworks;
			sourceTree = "<group>";
		};
		1EF0336918FB602700F01A20 /* CRTableViewChallengeSoultion */ = {
			isa = PBXGroup;
			children = (
				1EF0337218FB602700F01A20 /* CRAppDelegate.h */,
				1EF0337318FB602700F01A20 /* CRAppDelegate.m */,
				1EF0337518FB602700F01A20 /* Main.storyboard */,
				1EF0337818FB602700F01A20 /* CRViewController.h */,
				1EF0337918FB602700F01A20 /* CRViewController.m */,
				1EF0337B18FB602700F01A20 /* Images.xcassets */,
				1EF0336A18FB602700F01A20 /* Supporting Files */,
			);
			path = CRTableViewChallengeSoultion;
			sourceTree = "<group>";
		};
		1EF0336A18FB602700F01A20 /* Supporting Files */ = {
			isa = PBXGroup;
			children = (
				1EF0336B18FB602700F01A20 /* CRTableViewChallengeSoultion-Info.plist */,
				1EF0336C18FB602700F01A20 /* InfoPlist.strings */,
				1EF0336F18FB602700F01A20 /* main.m */,
				1EF0337118FB602700F01A20 /* CRTableViewChallengeSoultion-Prefix.pch */,
			);
			name = "Supporting Files";
			sourceTree = "<group>";
		};
		1EF0338818FB602700F01A20 /* CRTableViewChallengeSoultionTests */ = {
			isa = PBXGroup;
			children = (
				1EF0338E18FB602700F01A20 /* CRTableViewChallengeSoultionTests.m */,
				1EF0338918FB602700F01A20 /* Supporting Files */,
			);
			path = CRTableViewChallengeSoultionTests;
			sourceTree = "<group>";
		};
		1EF0338918FB602700F01A20 /* Supporting Files */ = {
			isa = PBXGroup;
			children = (
				1EF0338A18FB602700F01A20 /* CRTableViewChallengeSoultionTests-Info.plist */,
				1EF0338B18FB602700F01A20 /* InfoPlist.strings */,
			);
			name = "Supporting Files";
			sourceTree = "<group>";
		};
/* End PBXGroup section */

/* Begin PBXNativeTarget section */
		1EF0335F18FB602700F01A20 /* CRTableViewChallengeSoultion */ = {
			isa = PBXNativeTarget;
			buildConfigurationList = 1EF0339218FB602700F01A20 /* Build configuration list for PBXNativeTarget "CRTableViewChallengeSoultion" */;
			buildPhases = (
				1EF0335C18FB602700F01A20 /* Sources */,
				1EF0335D18FB602700F01A20 /* Frameworks */,
				1EF0335E18FB602700F01A20 /* Resources */,
			);
			buildRules = (
			);
			dependencies = (
			);
			name = CRTableViewChallengeSoultion;
			productName = CRTableViewChallengeSoultion;
			productReference = 1EF0336018FB602700F01A20 /* CRTableViewChallengeSoultion.app */;
			productType = "com.apple.product-type.application";
		};
		1EF0338018FB602700F01A20 /* CRTableViewChallengeSoultionTests */ = {
			isa = PBXNativeTarget;
			buildConfigurationList = 1EF0339518FB602700F01A20 /* Build configuration list for PBXNativeTarget "CRTableViewChallengeSoultionTests" */;
			buildPhases = (
				1EF0337D18FB602700F01A20 /* Sources */,
				1EF0337E18FB602700F01A20 /* Frameworks */,
				1EF0337F18FB602700F01A20 /* Resources */,
			);
			buildRules = (
			);
			dependencies = (
				1EF0338718FB602700F01A20 /* PBXTargetDependency */,
			);
			name = CRTableViewChallengeSoultionTests;
			productName = CRTableViewChallengeSoultionTests;
			productReference = 1EF0338118FB602700F01A20 /* CRTableViewChallengeSoultionTests.xctest */;
			productType = "com.apple.product-type.bundle.unit-test";
		};
/* End PBXNativeTarget section */

/* Begin PBXProject section */
		1EF0335818FB602700F01A20 /* Project object */ = {
			isa = PBXProject;
			attributes = {
				CLASSPREFIX = CR;
				LastUpgradeCheck = 0510;
				ORGANIZATIONNAME = "Cooper RIchardson";
				TargetAttributes = {
					1EF0338018FB602700F01A20 = {
						TestTargetID = 1EF0335F18FB602700F01A20;
					};
				};
			};
			buildConfigurationList = 1EF0335B18FB602700F01A20 /* Build configuration list for PBXProject "CRTableViewChallengeSoultion" */;
			compatibilityVersion = "Xcode 3.2";
			developmentRegion = English;
			hasScannedForEncodings = 0;
			knownRegions = (
				en,
				Base,
			);
			mainGroup = 1EF0335718FB602700F01A20;
			productRefGroup = 1EF0336118FB602700F01A20 /* Products */;
			projectDirPath = "";
			projectRoot = "";
			targets = (
				1EF0335F18FB602700F01A20 /* CRTableViewChallengeSoultion */,
				1EF0338018FB602700F01A20 /* CRTableViewChallengeSoultionTests */,
			);
		};
/* End PBXProject section */

/* Begin PBXResourcesBuildPhase section */
		1EF0335E18FB602700F01A20 /* Resources */ = {
			isa = PBXResourcesBuildPhase;
			buildActionMask = 2147483647;
			files = (
				1EF0337C18FB602700F01A20 /* Images.xcassets in Resources */,
				1EF0336E18FB602700F01A20 /* InfoPlist.strings in Resources */,
				1EF0337718FB602700F01A20 /* Main.storyboard in Resources */,
			);
			runOnlyForDeploymentPostprocessing = 0;
		};
		1EF0337F18FB602700F01A20 /* Resources */ = {
			isa = PBXResourcesBuildPhase;
			buildActionMask = 2147483647;
			files = (
				1EF0338D18FB602700F01A20 /* InfoPlist.strings in Resources */,
			);
			runOnlyForDeploymentPostprocessing = 0;
		};
/* End PBXResourcesBuildPhase section */

/* Begin PBXSourcesBuildPhase section */
		1EF0335C18FB602700F01A20 /* Sources */ = {
			isa = PBXSourcesBuildPhase;
			buildActionMask = 2147483647;
			files = (
				1EF0337018FB602700F01A20 /* main.m in Sources */,
				1EF0337418FB602700F01A20 /* CRAppDelegate.m in Sources */,
				1EF0337A18FB602700F01A20 /* CRViewController.m in Sources */,
			);
			runOnlyForDeploymentPostprocessing = 0;
		};
		1EF0337D18FB602700F01A20 /* Sources */ = {
			isa = PBXSourcesBuildPhase;
			buildActionMask = 2147483647;
			files = (
				1EF0338F18FB602700F01A20 /* CRTableViewChallengeSoultionTests.m in Sources */,
			);
			runOnlyForDeploymentPostprocessing = 0;
		};
/* End PBXSourcesBuildPhase section */

/* Begin PBXTargetDependency section */
		1EF0338718FB602700F01A20 /* PBXTargetDependency */ = {
			isa = PBXTargetDependency;
			target = 1EF0335F18FB602700F01A20 /* CRTableViewChallengeSoultion */;
			targetProxy = 1EF0338618FB602700F01A20 /* PBXContainerItemProxy */;
		};
/* End PBXTargetDependency section */

/* Begin PBXVariantGroup section */
		1EF0336C18FB602700F01A20 /* InfoPlist.strings */ = {
			isa = PBXVariantGroup;
			children = (
				1EF0336D18FB602700F01A20 /* en */,
			);
			name = InfoPlist.strings;
			sourceTree = "<group>";
		};
		1EF0337518FB602700F01A20 /* Main.storyboard */ = {
			isa = PBXVariantGroup;
			children = (
				1EF0337618FB602700F01A20 /* Base */,
			);
			name = Main.storyboard;
			sourceTree = "<group>";
		};
		1EF0338B18FB602700F01A20 /* InfoPlist.strings */ = {
			isa = PBXVariantGroup;
			children = (
				1EF0338C18FB602700F01A20 /* en */,
			);
			name = InfoPlist.strings;
			sourceTree = "<group>";
		};
/* End PBXVariantGroup section */

/* Begin XCBuildConfiguration section */
		1EF0339018FB602700F01A20 /* Debug */ = {
			isa = XCBuildConfiguration;
			buildSettings = {
				ALWAYS_SEARCH_USER_PATHS = NO;
				CLANG_CXX_LANGUAGE_STANDARD = "gnu++0x";
				CLANG_CXX_LIBRARY = "libc++";
				CLANG_ENABLE_MODULES = YES;
				CLANG_ENABLE_OBJC_ARC = YES;
				CLANG_WARN_BOOL_CONVERSION = YES;
				CLANG_WARN_CONSTANT_CONVERSION = YES;
				CLANG_WARN_DIRECT_OBJC_ISA_USAGE = YES_ERROR;
				CLANG_WARN_EMPTY_BODY = YES;
				CLANG_WARN_ENUM_CONVERSION = YES;
				CLANG_WARN_INT_CONVERSION = YES;
				CLANG_WARN_OBJC_ROOT_CLASS = YES_ERROR;
				CLANG_WARN__DUPLICATE_METHOD_MATCH = YES;
				"CODE_SIGN_IDENTITY[sdk=iphoneos*]" = "iPhone Developer";
				COPY_PHASE_STRIP = NO;
				GCC_C_LANGUAGE_STANDARD = gnu99;
				GCC_DYNAMIC_NO_PIC = NO;
				GCC_OPTIMIZATION_LEVEL = 0;
				GCC_PREPROCESSOR_DEFINITIONS = (
					"DEBUG=1",
					"$(inherited)",
				);
				GCC_SYMBOLS_PRIVATE_EXTERN = NO;
				GCC_WARN_64_TO_32_BIT_CONVERSION = YES;
				GCC_WARN_ABOUT_RETURN_TYPE = YES_ERROR;
				GCC_WARN_UNDECLARED_SELECTOR = YES;
				GCC_WARN_UNINITIALIZED_AUTOS = YES_AGGRESSIVE;
				GCC_WARN_UNUSED_FUNCTION = YES;
				GCC_WARN_UNUSED_VARIABLE = YES;
				IPHONEOS_DEPLOYMENT_TARGET = 7.1;
				ONLY_ACTIVE_ARCH = YES;
				SDKROOT = iphoneos;
			};
			name = Debug;
		};
		1EF0339118FB602700F01A20 /* Release */ = {
			isa = XCBuildConfiguration;
			buildSettings = {
				ALWAYS_SEARCH_USER_PATHS = NO;
				CLANG_CXX_LANGUAGE_STANDARD = "gnu++0x";
				CLANG_CXX_LIBRARY = "libc++";
				CLANG_ENABLE_MODULES = YES;
				CLANG_ENABLE_OBJC_ARC = YES;
				CLANG_WARN_BOOL_CONVERSION = YES;
				CLANG_WARN_CONSTANT_CONVERSION = YES;
				CLANG_WARN_DIRECT_OBJC_ISA_USAGE = YES_ERROR;
				CLANG_WARN_EMPTY_BODY = YES;
				CLANG_WARN_ENUM_CONVERSION = YES;
				CLANG_WARN_INT_CONVERSION = YES;
				CLANG_WARN_OBJC_ROOT_CLASS = YES_ERROR;
				CLANG_WARN__DUPLICATE_METHOD_MATCH = YES;
				"CODE_SIGN_IDENTITY[sdk=iphoneos*]" = "iPhone Developer";
				COPY_PHASE_STRIP = YES;
				ENABLE_NS_ASSERTIONS = NO;
				GCC_C_LANGUAGE_STANDARD = gnu99;
				GCC_WARN_64_TO_32_BIT_CONVERSION = YES;
				GCC_WARN_ABOUT_RETURN_TYPE = YES_ERROR;
				GCC_WARN_UNDECLARED_SELECTOR = YES;
				GCC_WARN_UNINITIALIZED_AUTOS = YES_AGGRESSIVE;
				GCC_WARN_UNUSED_FUNCTION = YES;
				GCC_WARN_UNUSED_VARIABLE = YES;
				IPHONEOS_DEPLOYMENT_TARGET = 7.1;
				SDKROOT = iphoneos;
				VALIDATE_PRODUCT = YES;
			};
			name = Release;
		};
		1EF0339318FB602700F01A20 /* Debug */ = {
			isa = XCBuildConfiguration;
			buildSettings = {
				ASSETCATALOG_COMPILER_APPICON_NAME = AppIcon;
				ASSETCATALOG_COMPILER_LAUNCHIMAGE_NAME = LaunchImage;
				GCC_PRECOMPILE_PREFIX_HEADER = YES;
				GCC_PREFIX_HEADER = "CRTableViewChallengeSoultion/CRTableViewChallengeSoultion-Prefix.pch";
				INFOPLIST_FILE = "CRTableViewChallengeSoultion/CRTableViewChallengeSoultion-Info.plist";
				PRODUCT_NAME = "$(TARGET_NAME)";
				WRAPPER_EXTENSION = app;
			};
			name = Debug;
		};
		1EF0339418FB602700F01A20 /* Release */ = {
			isa = XCBuildConfiguration;
			buildSettings = {
				ASSETCATALOG_COMPILER_APPICON_NAME = AppIcon;
				ASSETCATALOG_COMPILER_LAUNCHIMAGE_NAME = LaunchImage;
				GCC_PRECOMPILE_PREFIX_HEADER = YES;
				GCC_PREFIX_HEADER = "CRTableViewChallengeSoultion/CRTableViewChallengeSoultion-Prefix.pch";
				INFOPLIST_FILE = "CRTableViewChallengeSoultion/CRTableViewChallengeSoultion-Info.plist";
				PRODUCT_NAME = "$(TARGET_NAME)";
				WRAPPER_EXTENSION = app;
			};
			name = Release;
		};
		1EF0339618FB602700F01A20 /* Debug */ = {
			isa = XCBuildConfiguration;
			buildSettings = {
				BUNDLE_LOADER = "$(BUILT_PRODUCTS_DIR)/CRTableViewChallengeSoultion.app/CRTableViewChallengeSoultion";
				FRAMEWORK_SEARCH_PATHS = (
					"$(SDKROOT)/Developer/Library/Frameworks",
					"$(inherited)",
					"$(DEVELOPER_FRAMEWORKS_DIR)",
				);
				GCC_PRECOMPILE_PREFIX_HEADER = YES;
				GCC_PREFIX_HEADER = "CRTableViewChallengeSoultion/CRTableViewChallengeSoultion-Prefix.pch";
				GCC_PREPROCESSOR_DEFINITIONS = (
					"DEBUG=1",
					"$(inherited)",
				);
				INFOPLIST_FILE = "CRTableViewChallengeSoultionTests/CRTableViewChallengeSoultionTests-Info.plist";
				PRODUCT_NAME = "$(TARGET_NAME)";
				TEST_HOST = "$(BUNDLE_LOADER)";
				WRAPPER_EXTENSION = xctest;
			};
			name = Debug;
		};
		1EF0339718FB602700F01A20 /* Release */ = {
			isa = XCBuildConfiguration;
			buildSettings = {
				BUNDLE_LOADER = "$(BUILT_PRODUCTS_DIR)/CRTableViewChallengeSoultion.app/CRTableViewChallengeSoultion";
				FRAMEWORK_SEARCH_PATHS = (
					"$(SDKROOT)/Developer/Library/Frameworks",
					"$(inherited)",
					"$(DEVELOPER_FRAMEWORKS_DIR)",
				);
				GCC_PRECOMPILE_PREFIX_HEADER = YES;
				GCC_PREFIX_HEADER = "CRTableViewChallengeSoultion/CRTableViewChallengeSoultion-Prefix.pch";
				INFOPLIST_FILE = "CRTableViewChallengeSoultionTests/CRTableViewChallengeSoultionTests-Info.plist";
				PRODUCT_NAME = "$(TARGET_NAME)";
				TEST_HOST = "$(BUNDLE_LOADER)";
				WRAPPER_EXTENSION = xctest;
			};
			name = Release;
		};
/* End XCBuildConfiguration section */

/* Begin XCConfigurationList section */
		1EF0335B18FB602700F01A20 /* Build configuration list for PBXProject "CRTableViewChallengeSoultion" */ = {
			isa = XCConfigurationList;
			buildConfigurations = (
				1EF0339018FB602700F01A20 /* Debug */,
				1EF0339118FB602700F01A20 /* Release */,
			);
			defaultConfigurationIsVisible = 0;
			defaultConfigurationName = Release;
		};
		1EF0339218FB602700F01A20 /* Build configuration list for PBXNativeTarget "CRTableViewChallengeSoultion" */ = {
			isa = XCConfigurationList;
			buildConfigurations = (
				1EF0339318FB602700F01A20 /* Debug */,
				1EF0339418FB602700F01A20 /* Release */,
			);
			defaultConfigurationIsVisible = 0;
		};
		1EF0339518FB602700F01A20 /* Build configuration list for PBXNativeTarget "CRTableViewChallengeSoultionTests" */ = {
			isa = XCConfigurationList;
			buildConfigurations = (
				1EF0339618FB602700F01A20 /* Debug */,
				1EF0339718FB602700F01A20 /* Release */,
			);
			defaultConfigurationIsVisible = 0;
		};
/* End XCConfigurationList section */
	};
	rootObject = 1EF0335818FB602700F01A20 /* Project object */;
}
